
Microsoft Visual Studio Solution File, Format Version 12.00
# Visual Studio Version 17
VisualStudioVersion = 17.0.31903.59
MinimumVisualStudioVersion = 10.0.40219.1
Project("{2150E333-8FDC-42A3-9474-1A3956D46DE8}") = "src", "src", "{F2D140A4-8E2F-4AD1-B155-D576B3D7805B}"
EndProject
Project("{2150E333-8FDC-42A3-9474-1A3956D46DE8}") = "Services", "Services", "{554633E4-AFB6-4719-AD24-1D2E0CB911E8}"
EndProject
Project("{FAE04EC0-301F-11D3-BF4B-00C04F79EFBC}") = "Policy.Domain", "src\Services\Policy.Domain\Policy.Domain.csproj", "{9AAD3B10-8CD9-474E-AB53-AD50B138472D}"
EndProject
Project("{FAE04EC0-301F-11D3-BF4B-00C04F79EFBC}") = "Policy.Infrastructure", "src\Services\Policy.Infrastructure\Policy.Infrastructure.csproj", "{6E46EB71-912D-4C2C-8C9B-CE50117D66B4}"
EndProject
Project("{FAE04EC0-301F-11D3-BF4B-00C04F79EFBC}") = "Policy.Api", "src\Services\Policy.Api\Policy.Api.csproj", "{8FCED15F-684E-4BAA-9B29-CEED310BEADC}"
EndProject
Project("{FAE04EC0-301F-11D3-BF4B-00C04F79EFBC}") = "Rating.Grpc", "src\Services\Rating.Grpc\Rating.Grpc.csproj", "{6016E110-EED1-489D-B1DB-2906084567DD}"
EndProject
Project("{2150E333-8FDC-42A3-9474-1A3956D46DE8}") = "Identity", "Identity", "{B5813D7B-6114-4DFD-A9C5-74FDB7FAD704}"
EndProject
Project("{FAE04EC0-301F-11D3-BF4B-00C04F79EFBC}") = "Portal.Identity", "src\Identity\Portal.Identity\Portal.Identity.csproj", "{1B623A44-EA12-4FF7-9D5D-24A6903A8846}"
EndProject
Project("{2150E333-8FDC-42A3-9474-1A3956D46DE8}") = "Jobs", "Jobs", "{415DE180-4188-44C4-81AE-667050289F07}"
EndProject
Project("{FAE04EC0-301F-11D3-BF4B-00C04F79EFBC}") = "Portal.Jobs", "src\Jobs\Portal.Jobs\Portal.Jobs.csproj", "{5A092FED-4ADF-449E-94B3-8E53F499E1D1}"
EndProject
Project("{2150E333-8FDC-42A3-9474-1A3956D46DE8}") = "Shared", "Shared", "{51971727-A753-42AC-9298-65682359279D}"
EndProject
Project("{FAE04EC0-301F-11D3-BF4B-00C04F79EFBC}") = "Portal.Shared.Contracts", "src\Shared\Portal.Shared.Contracts\Portal.Shared.Contracts.csproj", "{86355C6C-4842-4A73-A200-86329FE355FE}"
EndProject
Project("{FAE04EC0-301F-11D3-BF4B-00C04F79EFBC}") = "Portal.Shared.Kafka", "src\Shared\Portal.Shared.Kafka\Portal.Shared.Kafka.csproj", "{A36A0A19-37A4-4E26-B598-0E98157D3B3D}"
EndProject
Project("{FAE04EC0-301F-11D3-BF4B-00C04F79EFBC}") = "Portal.Web", "src\Portal.Web\Portal.Web.csproj", "{85770A6A-5184-4F46-B4A4-2DFF166EADCF}"
EndProject
Project("{2150E333-8FDC-42A3-9474-1A3956D46DE8}") = "tests", "tests", "{E7D30CE2-E3AE-4859-9B77-E2CB8735BEEE}"
EndProject
Project("{FAE04EC0-301F-11D3-BF4B-00C04F79EFBC}") = "Policy.Api.Tests", "tests\Policy.Api.Tests\Policy.Api.Tests.csproj", "{F2FFDBB9-C6AC-43AD-90E4-54C9A089FCDF}"
EndProject
Project("{FAE04EC0-301F-11D3-BF4B-00C04F79EFBC}") = "Policy.Api.IntegrationTests", "tests\Policy.Api.IntegrationTests\Policy.Api.IntegrationTests.csproj", "{DFDEB62A-870E-4B87-A206-74DFF320EB70}"
EndProject
Project("{FAE04EC0-301F-11D3-BF4B-00C04F79EFBC}") = "Rating.Grpc.Tests", "tests\Rating.Grpc.Tests\Rating.Grpc.Tests.csproj", "{760501EB-3FFB-4686-BCE3-4E4E3B6010FF}"
EndProject
Global
	GlobalSection(SolutionConfigurationPlatforms) = preSolution
		Debug|Any CPU = Debug|Any CPU
		Release|Any CPU = Release|Any CPU
	EndGlobalSection
	GlobalSection(SolutionProperties) = preSolution
		HideSolutionNode = FALSE
	EndGlobalSection
	GlobalSection(ProjectConfigurationPlatforms) = postSolution
		{9AAD3B10-8CD9-474E-AB53-AD50B138472D}.Debug|Any CPU.ActiveCfg = Debug|Any CPU
		{9AAD3B10-8CD9-474E-AB53-AD50B138472D}.Debug|Any CPU.Build.0 = Debug|Any CPU
		{9AAD3B10-8CD9-474E-AB53-AD50B138472D}.Release|Any CPU.ActiveCfg = Release|Any CPU
		{9AAD3B10-8CD9-474E-AB53-AD50B138472D}.Release|Any CPU.Build.0 = Release|Any CPU
		{6E46EB71-912D-4C2C-8C9B-CE50117D66B4}.Debug|Any CPU.ActiveCfg = Debug|Any CPU
		{6E46EB71-912D-4C2C-8C9B-CE50117D66B4}.Debug|Any CPU.Build.0 = Debug|Any CPU
		{6E46EB71-912D-4C2C-8C9B-CE50117D66B4}.Release|Any CPU.ActiveCfg = Release|Any CPU
		{6E46EB71-912D-4C2C-8C9B-CE50117D66B4}.Release|Any CPU.Build.0 = Release|Any CPU
		{8FCED15F-684E-4BAA-9B29-CEED310BEADC}.Debug|Any CPU.ActiveCfg = Debug|Any CPU
		{8FCED15F-684E-4BAA-9B29-CEED310BEADC}.Debug|Any CPU.Build.0 = Debug|Any CPU
		{8FCED15F-684E-4BAA-9B29-CEED310BEADC}.Release|Any CPU.ActiveCfg = Release|Any CPU
		{8FCED15F-684E-4BAA-9B29-CEED310BEADC}.Release|Any CPU.Build.0 = Release|Any CPU
		{6016E110-EED1-489D-B1DB-2906084567DD}.Debug|Any CPU.ActiveCfg = Debug|Any CPU
		{6016E110-EED1-489D-B1DB-2906084567DD}.Debug|Any CPU.Build.0 = Debug|Any CPU
		{6016E110-EED1-489D-B1DB-2906084567DD}.Release|Any CPU.ActiveCfg = Release|Any CPU
		{6016E110-EED1-489D-B1DB-2906084567DD}.Release|Any CPU.Build.0 = Release|Any CPU
		{1B623A44-EA12-4FF7-9D5D-24A6903A8846}.Debug|Any CPU.ActiveCfg = Debug|Any CPU
		{1B623A44-EA12-4FF7-9D5D-24A6903A8846}.Debug|Any CPU.Build.0 = Debug|Any CPU
		{1B623A44-EA12-4FF7-9D5D-24A6903A8846}.Release|Any CPU.ActiveCfg = Release|Any CPU
		{1B623A44-EA12-4FF7-9D5D-24A6903A8846}.Release|Any CPU.Build.0 = Release|Any CPU
		{5A092FED-4ADF-449E-94B3-8E53F499E1D1}.Debug|Any CPU.ActiveCfg = Debug|Any CPU
		{5A092FED-4ADF-449E-94B3-8E53F499E1D1}.Debug|Any CPU.Build.0 = Debug|Any CPU
		{5A092FED-4ADF-449E-94B3-8E53F499E1D1}.Release|Any CPU.ActiveCfg = Release|Any CPU
		{5A092FED-4ADF-449E-94B3-8E53F499E1D1}.Release|Any CPU.Build.0 = Release|Any CPU
		{86355C6C-4842-4A73-A200-86329FE355FE}.Debug|Any CPU.ActiveCfg = Debug|Any CPU
		{86355C6C-4842-4A73-A200-86329FE355FE}.Debug|Any CPU.Build.0 = Debug|Any CPU
		{86355C6C-4842-4A73-A200-86329FE355FE}.Release|Any CPU.ActiveCfg = Release|Any CPU
		{86355C6C-4842-4A73-A200-86329FE355FE}.Release|Any CPU.Build.0 = Release|Any CPU
		{A36A0A19-37A4-4E26-B598-0E98157D3B3D}.Debug|Any CPU.ActiveCfg = Debug|Any CPU
		{A36A0A19-37A4-4E26-B598-0E98157D3B3D}.Debug|Any CPU.Build.0 = Debug|Any CPU
		{A36A0A19-37A4-4E26-B598-0E98157D3B3D}.Release|Any CPU.ActiveCfg = Release|Any CPU
		{A36A0A19-37A4-4E26-B598-0E98157D3B3D}.Release|Any CPU.Build.0 = Release|Any CPU
		{85770A6A-5184-4F46-B4A4-2DFF166EADCF}.Debug|Any CPU.ActiveCfg = Debug|Any CPU
		{85770A6A-5184-4F46-B4A4-2DFF166EADCF}.Debug|Any CPU.Build.0 = Debug|Any CPU
		{85770A6A-5184-4F46-B4A4-2DFF166EADCF}.Release|Any CPU.ActiveCfg = Release|Any CPU
		{85770A6A-5184-4F46-B4A4-2DFF166EADCF}.Release|Any CPU.Build.0 = Release|Any CPU
		{F2FFDBB9-C6AC-43AD-90E4-54C9A089FCDF}.Debug|Any CPU.ActiveCfg = Debug|Any CPU
		{F2FFDBB9-C6AC-43AD-90E4-54C9A089FCDF}.Debug|Any CPU.Build.0 = Debug|Any CPU
		{F2FFDBB9-C6AC-43AD-90E4-54C9A089FCDF}.Release|Any CPU.ActiveCfg = Release|Any CPU
		{F2FFDBB9-C6AC-43AD-90E4-54C9A089FCDF}.Release|Any CPU.Build.0 = Release|Any CPU
		{DFDEB62A-870E-4B87-A206-74DFF320EB70}.Debug|Any CPU.ActiveCfg = Debug|Any CPU
		{DFDEB62A-870E-4B87-A206-74DFF320EB70}.Debug|Any CPU.Build.0 = Debug|Any CPU
		{DFDEB62A-870E-4B87-A206-74DFF320EB70}.Release|Any CPU.ActiveCfg = Release|Any CPU
		{DFDEB62A-870E-4B87-A206-74DFF320EB70}.Release|Any CPU.Build.0 = Release|Any CPU
		{760501EB-3FFB-4686-BCE3-4E4E3B6010FF}.Debug|Any CPU.ActiveCfg = Debug|Any CPU
		{760501EB-3FFB-4686-BCE3-4E4E3B6010FF}.Debug|Any CPU.Build.0 = Debug|Any CPU
		{760501EB-3FFB-4686-BCE3-4E4E3B6010FF}.Release|Any CPU.ActiveCfg = Release|Any CPU
		{760501EB-3FFB-4686-BCE3-4E4E3B6010FF}.Release|Any CPU.Build.0 = Release|Any CPU
	EndGlobalSection
	GlobalSection(NestedProjects) = preSolution
		{554633E4-AFB6-4719-AD24-1D2E0CB911E8} = {F2D140A4-8E2F-4AD1-B155-D576B3D7805B}
		{9AAD3B10-8CD9-474E-AB53-AD50B138472D} = {554633E4-AFB6-4719-AD24-1D2E0CB911E8}
		{6E46EB71-912D-4C2C-8C9B-CE50117D66B4} = {554633E4-AFB6-4719-AD24-1D2E0CB911E8}
		{8FCED15F-684E-4BAA-9B29-CEED310BEADC} = {554633E4-AFB6-4719-AD24-1D2E0CB911E8}
		{6016E110-EED1-489D-B1DB-2906084567DD} = {554633E4-AFB6-4719-AD24-1D2E0CB911E8}
		{B5813D7B-6114-4DFD-A9C5-74FDB7FAD704} = {F2D140A4-8E2F-4AD1-B155-D576B3D7805B}
		{1B623A44-EA12-4FF7-9D5D-24A6903A8846} = {B5813D7B-6114-4DFD-A9C5-74FDB7FAD704}
		{415DE180-4188-44C4-81AE-667050289F07} = {F2D140A4-8E2F-4AD1-B155-D576B3D7805B}
		{5A092FED-4ADF-449E-94B3-8E53F499E1D1} = {415DE180-4188-44C4-81AE-667050289F07}
		{51971727-A753-42AC-9298-65682359279D} = {F2D140A4-8E2F-4AD1-B155-D576B3D7805B}
		{86355C6C-4842-4A73-A200-86329FE355FE} = {51971727-A753-42AC-9298-65682359279D}
		{A36A0A19-37A4-4E26-B598-0E98157D3B3D} = {51971727-A753-42AC-9298-65682359279D}
		{85770A6A-5184-4F46-B4A4-2DFF166EADCF} = {F2D140A4-8E2F-4AD1-B155-D576B3D7805B}
		{F2FFDBB9-C6AC-43AD-90E4-54C9A089FCDF} = {E7D30CE2-E3AE-4859-9B77-E2CB8735BEEE}
		{DFDEB62A-870E-4B87-A206-74DFF320EB70} = {E7D30CE2-E3AE-4859-9B77-E2CB8735BEEE}
		{760501EB-3FFB-4686-BCE3-4E4E3B6010FF} = {E7D30CE2-E3AE-4859-9B77-E2CB8735BEEE}
	EndGlobalSection
EndGlobal
