
Microsoft Visual Studio Solution File, Format Version 12.00
# Visual Studio Version 17
VisualStudioVersion = 17.0.31903.59
MinimumVisualStudioVersion = 10.0.40219.1
Project("{2150E333-8FDC-42A3-9474-1A3956D46DE8}") = "src", "src", "{5AD7B3E1-4875-4097-963D-885811E78A4A}"
EndProject
Project("{2150E333-8FDC-42A3-9474-1A3956D46DE8}") = "backend", "backend", "{328831DD-1131-49AF-8233-8C37C013D291}"
EndProject
Project("{FAE04EC0-301F-11D3-BF4B-00C04F79EFBC}") = "EnterpriseInsurance.Api", "src\backend\EnterpriseInsurance.Api\EnterpriseInsurance.Api.csproj", "{97B1C675-468F-4DB3-94B5-17D4D69F802C}"
EndProject
Project("{FAE04EC0-301F-11D3-BF4B-00C04F79EFBC}") = "EnterpriseInsurance.Core", "src\backend\EnterpriseInsurance.Core\EnterpriseInsurance.Core.csproj", "{96EB49EC-511B-41A7-92A4-CF31E57DC8B0}"
EndProject
Project("{FAE04EC0-301F-11D3-BF4B-00C04F79EFBC}") = "EnterpriseInsurance.Infrastructure", "src\backend\EnterpriseInsurance.Infrastructure\EnterpriseInsurance.Infrastructure.csproj", "{B193519A-23C2-41E5-A8ED-CBB9E4D94475}"
EndProject
Project("{FAE04EC0-301F-11D3-BF4B-00C04F79EFBC}") = "EnterpriseInsurance.Tests", "src\backend\EnterpriseInsurance.Tests\EnterpriseInsurance.Tests.csproj", "{3D4D14C3-0E7A-40F6-9AEF-641DB96837C3}"
EndProject
Global
	GlobalSection(SolutionConfigurationPlatforms) = preSolution
		Debug|Any CPU = Debug|Any CPU
		Release|Any CPU = Release|Any CPU
	EndGlobalSection
	GlobalSection(SolutionProperties) = preSolution
		HideSolutionNode = FALSE
	EndGlobalSection
	GlobalSection(ProjectConfigurationPlatforms) = postSolution
		{97B1C675-468F-4DB3-94B5-17D4D69F802C}.Debug|Any CPU.ActiveCfg = Debug|Any CPU
		{97B1C675-468F-4DB3-94B5-17D4D69F802C}.Debug|Any CPU.Build.0 = Debug|Any CPU
		{97B1C675-468F-4DB3-94B5-17D4D69F802C}.Release|Any CPU.ActiveCfg = Release|Any CPU
		{97B1C675-468F-4DB3-94B5-17D4D69F802C}.Release|Any CPU.Build.0 = Release|Any CPU
		{96EB49EC-511B-41A7-92A4-CF31E57DC8B0}.Debug|Any CPU.ActiveCfg = Debug|Any CPU
		{96EB49EC-511B-41A7-92A4-CF31E57DC8B0}.Debug|Any CPU.Build.0 = Debug|Any CPU
		{96EB49EC-511B-41A7-92A4-CF31E57DC8B0}.Release|Any CPU.ActiveCfg = Release|Any CPU
		{96EB49EC-511B-41A7-92A4-CF31E57DC8B0}.Release|Any CPU.Build.0 = Release|Any CPU
		{B193519A-23C2-41E5-A8ED-CBB9E4D94475}.Debug|Any CPU.ActiveCfg = Debug|Any CPU
		{B193519A-23C2-41E5-A8ED-CBB9E4D94475}.Debug|Any CPU.Build.0 = Debug|Any CPU
		{B193519A-23C2-41E5-A8ED-CBB9E4D94475}.Release|Any CPU.ActiveCfg = Release|Any CPU
		{B193519A-23C2-41E5-A8ED-CBB9E4D94475}.Release|Any CPU.Build.0 = Release|Any CPU
		{3D4D14C3-0E7A-40F6-9AEF-641DB96837C3}.Debug|Any CPU.ActiveCfg = Debug|Any CPU
		{3D4D14C3-0E7A-40F6-9AEF-641DB96837C3}.Debug|Any CPU.Build.0 = Debug|Any CPU
		{3D4D14C3-0E7A-40F6-9AEF-641DB96837C3}.Release|Any CPU.ActiveCfg = Release|Any CPU
		{3D4D14C3-0E7A-40F6-9AEF-641DB96837C3}.Release|Any CPU.Build.0 = Release|Any CPU
	EndGlobalSection
	GlobalSection(NestedProjects) = preSolution
		{328831DD-1131-49AF-8233-8C37C013D291} = {5AD7B3E1-4875-4097-963D-885811E78A4A}
		{97B1C675-468F-4DB3-94B5-17D4D69F802C} = {328831DD-1131-49AF-8233-8C37C013D291}
		{96EB49EC-511B-41A7-92A4-CF31E57DC8B0} = {328831DD-1131-49AF-8233-8C37C013D291}
		{B193519A-23C2-41E5-A8ED-CBB9E4D94475} = {328831DD-1131-49AF-8233-8C37C013D291}
		{3D4D14C3-0E7A-40F6-9AEF-641DB96837C3} = {328831DD-1131-49AF-8233-8C37C013D291}
	EndGlobalSection
EndGlobal
