Microsoft Visual Studio Solution File, Format Version 12.00
# Visual Studio Version 17
VisualStudioVersion = 17.5.2.0
MinimumVisualStudioVersion = 10.0.40219.1
Project("{FAE04EC0-301F-11D3-BF4B-00C04F79EFBC}") = "real-time-chat-application", "real-time-chat-application.csproj", "{35038939-80AE-4E0F-0B0E-64AF35C1FC54}"
EndProject
Global
	GlobalSection(SolutionConfigurationPlatforms) = preSolution
		Debug|Any CPU = Debug|Any CPU
		Release|Any CPU = Release|Any CPU
	EndGlobalSection
	GlobalSection(ProjectConfigurationPlatforms) = postSolution
		{35038939-80AE-4E0F-0B0E-64AF35C1FC54}.Debug|Any CPU.ActiveCfg = Debug|Any CPU
		{35038939-80AE-4E0F-0B0E-64AF35C1FC54}.Debug|Any CPU.Build.0 = Debug|Any CPU
		{35038939-80AE-4E0F-0B0E-64AF35C1FC54}.Release|Any CPU.ActiveCfg = Release|Any CPU
		{35038939-80AE-4E0F-0B0E-64AF35C1FC54}.Release|Any CPU.Build.0 = Release|Any CPU
	EndGlobalSection
	GlobalSection(SolutionProperties) = preSolution
		HideSolutionNode = FALSE
	EndGlobalSection
	GlobalSection(ExtensibilityGlobals) = postSolution
		SolutionGuid = {618A370F-37E2-4626-918D-16B6858FB67E}
	EndGlobalSection
EndGlobal
